// !$*UTF8*$!
{
	archiveVersion = 1;
	classes = {
	};
	objectVersion = 46;
	objects = {

/* Begin PBXBuildFile section */
		F41E5ABB1CE08AB700E2EDC7 /* common.json in Resources */ = {isa = PBXBuildFile; fileRef = F41E5AB91CE08AB700E2EDC7 /* common.json */; };
		F41E5ABC1CE08AB700E2EDC7 /* style.json in Resources */ = {isa = PBXBuildFile; fileRef = F41E5ABA1CE08AB700E2EDC7 /* style.json */; };
		F41E5ABE1CE08DE200E2EDC7 /* color.json in Resources */ = {isa = PBXBuildFile; fileRef = F41E5ABD1CE08DE200E2EDC7 /* color.json */; };
		F4361B0A1CE07B4D009DF5F3 /* ViewController.json in Resources */ = {isa = PBXBuildFile; fileRef = F4361B091CE07B4D009DF5F3 /* ViewController.json */; };
		F444B5C11CE1F55F00FD9FF4 /* EALayout.framework in Frameworks */ = {isa = PBXBuildFile; fileRef = F444B5C01CE1F55F00FD9FF4 /* EALayout.framework */; };
		F444B5C31CE1FA9200FD9FF4 /* teamIntroduceBack.jpg in Resources */ = {isa = PBXBuildFile; fileRef = F444B5C21CE1FA9200FD9FF4 /* teamIntroduceBack.jpg */; };
		F444B5C91CE2065F00FD9FF4 /* shareFirend.png in Resources */ = {isa = PBXBuildFile; fileRef = F444B5C81CE2065F00FD9FF4 /* shareFirend.png */; };
		F44AC6C31CE17B7F006F7464 /* LinerLayoutViewController.m in Sources */ = {isa = PBXBuildFile; fileRef = F44AC6C21CE17B7F006F7464 /* LinerLayoutViewController.m */; };
		F44AC6C51CE17BA1006F7464 /* LinerLayoutViewController.json in Resources */ = {isa = PBXBuildFile; fileRef = F44AC6C41CE17BA1006F7464 /* LinerLayoutViewController.json */; };
		F4522C111CE4238000842F1B /* RegisterViewController.json in Resources */ = {isa = PBXBuildFile; fileRef = F4522C101CE4238000842F1B /* RegisterViewController.json */; };
		F4522C181CE4320800842F1B /* RegisterViewController.m in Sources */ = {isa = PBXBuildFile; fileRef = F4522C171CE4320800842F1B /* RegisterViewController.m */; };
		F4522C1B1CE4763C00842F1B /* ip in Resources */ = {isa = PBXBuildFile; fileRef = F4522C1A1CE4763C00842F1B /* ip */; };
		F472BC551CE586260096B35B /* MOBFoundation.framework in Frameworks */ = {isa = PBXBuildFile; fileRef = F472BC531CE586260096B35B /* MOBFoundation.framework */; };
		F472BC561CE586260096B35B /* SMS_SDK.framework in Frameworks */ = {isa = PBXBuildFile; fileRef = F472BC541CE586260096B35B /* SMS_SDK.framework */; };
		F472BC581CE586B50096B35B /* libz.tbd in Frameworks */ = {isa = PBXBuildFile; fileRef = F472BC571CE586B50096B35B /* libz.tbd */; };
		F472BC5A1CE586C40096B35B /* libicucore.tbd in Frameworks */ = {isa = PBXBuildFile; fileRef = F472BC591CE586C40096B35B /* libicucore.tbd */; };
		F472BC5C1CE586CE0096B35B /* MessageUI.framework in Frameworks */ = {isa = PBXBuildFile; fileRef = F472BC5B1CE586CE0096B35B /* MessageUI.framework */; };
		F472BC5E1CE586D40096B35B /* JavaScriptCore.framework in Frameworks */ = {isa = PBXBuildFile; fileRef = F472BC5D1CE586D40096B35B /* JavaScriptCore.framework */; };
		F472BC601CE586DE0096B35B /* libstdc++.tbd in Frameworks */ = {isa = PBXBuildFile; fileRef = F472BC5F1CE586DE0096B35B /* libstdc++.tbd */; };
		F4EB45DA1CDC6966006E3B50 /* main.m in Sources */ = {isa = PBXBuildFile; fileRef = F4EB45D91CDC6966006E3B50 /* main.m */; };
		F4EB45DD1CDC6966006E3B50 /* AppDelegate.m in Sources */ = {isa = PBXBuildFile; fileRef = F4EB45DC1CDC6966006E3B50 /* AppDelegate.m */; };
		F4EB45E01CDC6966006E3B50 /* ViewController.m in Sources */ = {isa = PBXBuildFile; fileRef = F4EB45DF1CDC6966006E3B50 /* ViewController.m */; };
		F4EB45E31CDC6966006E3B50 /* Main.storyboard in Resources */ = {isa = PBXBuildFile; fileRef = F4EB45E11CDC6966006E3B50 /* Main.storyboard */; };
		F4EB45E51CDC6966006E3B50 /* Assets.xcassets in Resources */ = {isa = PBXBuildFile; fileRef = F4EB45E41CDC6966006E3B50 /* Assets.xcassets */; };
		F4EB45E81CDC6966006E3B50 /* LaunchScreen.storyboard in Resources */ = {isa = PBXBuildFile; fileRef = F4EB45E61CDC6966006E3B50 /* LaunchScreen.storyboard */; };
/* End PBXBuildFile section */

/* Begin PBXFileReference section */
		F41E5AB91CE08AB700E2EDC7 /* common.json */ = {isa = PBXFileReference; fileEncoding = 4; lastKnownFileType = text.json; path = common.json; sourceTree = "<group>"; };
		F41E5ABA1CE08AB700E2EDC7 /* style.json */ = {isa = PBXFileReference; fileEncoding = 4; lastKnownFileType = text.json; path = style.json; sourceTree = "<group>"; };
		F41E5ABD1CE08DE200E2EDC7 /* color.json */ = {isa = PBXFileReference; fileEncoding = 4; lastKnownFileType = text.json; path = color.json; sourceTree = "<group>"; };
		F4361B091CE07B4D009DF5F3 /* ViewController.json */ = {isa = PBXFileReference; fileEncoding = 4; lastKnownFileType = text.json; path = ViewController.json; sourceTree = "<group>"; };
		F444B5C01CE1F55F00FD9FF4 /* EALayout.framework */ = {isa = PBXFileReference; lastKnownFileType = wrapper.framework; name = EALayout.framework; path = ../../EALayout/Products/EALayout.framework; sourceTree = "<group>"; };
		F444B5C21CE1FA9200FD9FF4 /* teamIntroduceBack.jpg */ = {isa = PBXFileReference; lastKnownFileType = image.jpeg; name = teamIntroduceBack.jpg; path = ../teamIntroduceBack.jpg; sourceTree = "<group>"; };
		F444B5C81CE2065F00FD9FF4 /* shareFirend.png */ = {isa = PBXFileReference; lastKnownFileType = image.png; path = shareFirend.png; sourceTree = "<group>"; };
		F44AC6C11CE17B7F006F7464 /* LinerLayoutViewController.h */ = {isa = PBXFileReference; fileEncoding = 4; lastKnownFileType = sourcecode.c.h; name = LinerLayoutViewController.h; path = ../LinerLayoutViewController.h; sourceTree = "<group>"; };
		F44AC6C21CE17B7F006F7464 /* LinerLayoutViewController.m */ = {isa = PBXFileReference; fileEncoding = 4; lastKnownFileType = sourcecode.c.objc; name = LinerLayoutViewController.m; path = ../LinerLayoutViewController.m; sourceTree = "<group>"; };
		F44AC6C41CE17BA1006F7464 /* LinerLayoutViewController.json */ = {isa = PBXFileReference; fileEncoding = 4; lastKnownFileType = text.json; path = LinerLayoutViewController.json; sourceTree = "<group>"; };
		F4522C101CE4238000842F1B /* RegisterViewController.json */ = {isa = PBXFileReference; fileEncoding = 4; lastKnownFileType = text.json; path = RegisterViewController.json; sourceTree = "<group>"; };
		F4522C161CE4320800842F1B /* RegisterViewController.h */ = {isa = PBXFileReference; fileEncoding = 4; lastKnownFileType = sourcecode.c.h; path = RegisterViewController.h; sourceTree = "<group>"; };
		F4522C171CE4320800842F1B /* RegisterViewController.m */ = {isa = PBXFileReference; fileEncoding = 4; lastKnownFileType = sourcecode.c.objc; path = RegisterViewController.m; sourceTree = "<group>"; };
		F4522C1A1CE4763C00842F1B /* ip */ = {isa = PBXFileReference; fileEncoding = 4; lastKnownFileType = text; path = ip; sourceTree = "<group>"; };
		F472BC531CE586260096B35B /* MOBFoundation.framework */ = {isa = PBXFileReference; lastKnownFileType = wrapper.framework; path = MOBFoundation.framework; sourceTree = "<group>"; };
		F472BC541CE586260096B35B /* SMS_SDK.framework */ = {isa = PBXFileReference; lastKnownFileType = wrapper.framework; path = SMS_SDK.framework; sourceTree = "<group>"; };
		F472BC571CE586B50096B35B /* libz.tbd */ = {isa = PBXFileReference; lastKnownFileType = "sourcecode.text-based-dylib-definition"; name = libz.tbd; path = usr/lib/libz.tbd; sourceTree = SDKROOT; };
		F472BC591CE586C40096B35B /* libicucore.tbd */ = {isa = PBXFileReference; lastKnownFileType = "sourcecode.text-based-dylib-definition"; name = libicucore.tbd; path = usr/lib/libicucore.tbd; sourceTree = SDKROOT; };
		F472BC5B1CE586CE0096B35B /* MessageUI.framework */ = {isa = PBXFileReference; lastKnownFileType = wrapper.framework; name = MessageUI.framework; path = System/Library/Frameworks/MessageUI.framework; sourceTree = SDKROOT; };
		F472BC5D1CE586D40096B35B /* JavaScriptCore.framework */ = {isa = PBXFileReference; lastKnownFileType = wrapper.framework; name = JavaScriptCore.framework; path = System/Library/Frameworks/JavaScriptCore.framework; sourceTree = SDKROOT; };
		F472BC5F1CE586DE0096B35B /* libstdc++.tbd */ = {isa = PBXFileReference; lastKnownFileType = "sourcecode.text-based-dylib-definition"; name = "libstdc++.tbd"; path = "usr/lib/libstdc++.tbd"; sourceTree = SDKROOT; };
		F4EB45D51CDC6966006E3B50 /* TestEALayout.app */ = {isa = PBXFileReference; explicitFileType = wrapper.application; includeInIndex = 0; path = TestEALayout.app; sourceTree = BUILT_PRODUCTS_DIR; };
		F4EB45D91CDC6966006E3B50 /* main.m */ = {isa = PBXFileReference; lastKnownFileType = sourcecode.c.objc; path = main.m; sourceTree = "<group>"; };
		F4EB45DB1CDC6966006E3B50 /* AppDelegate.h */ = {isa = PBXFileReference; lastKnownFileType = sourcecode.c.h; path = AppDelegate.h; sourceTree = "<group>"; };
		F4EB45DC1CDC6966006E3B50 /* AppDelegate.m */ = {isa = PBXFileReference; lastKnownFileType = sourcecode.c.objc; path = AppDelegate.m; sourceTree = "<group>"; };
		F4EB45DE1CDC6966006E3B50 /* ViewController.h */ = {isa = PBXFileReference; lastKnownFileType = sourcecode.c.h; name = ViewController.h; path = ../ViewController.h; sourceTree = "<group>"; };
		F4EB45DF1CDC6966006E3B50 /* ViewController.m */ = {isa = PBXFileReference; lastKnownFileType = sourcecode.c.objc; name = ViewController.m; path = ../ViewController.m; sourceTree = "<group>"; };
		F4EB45E21CDC6966006E3B50 /* Base */ = {isa = PBXFileReference; lastKnownFileType = file.storyboard; name = Base; path = Base.lproj/Main.storyboard; sourceTree = "<group>"; };
		F4EB45E41CDC6966006E3B50 /* Assets.xcassets */ = {isa = PBXFileReference; lastKnownFileType = folder.assetcatalog; path = Assets.xcassets; sourceTree = "<group>"; };
		F4EB45E71CDC6966006E3B50 /* Base */ = {isa = PBXFileReference; lastKnownFileType = file.storyboard; name = Base; path = Base.lproj/LaunchScreen.storyboard; sourceTree = "<group>"; };
		F4EB45E91CDC6966006E3B50 /* Info.plist */ = {isa = PBXFileReference; lastKnownFileType = text.plist.xml; path = Info.plist; sourceTree = "<group>"; };
/* End PBXFileReference section */

/* Begin PBXFrameworksBuildPhase section */
		F4EB45D21CDC6966006E3B50 /* Frameworks */ = {
			isa = PBXFrameworksBuildPhase;
			buildActionMask = 2147483647;
			files = (
				F472BC601CE586DE0096B35B /* libstdc++.tbd in Frameworks */,
				F472BC5E1CE586D40096B35B /* JavaScriptCore.framework in Frameworks */,
				F472BC5C1CE586CE0096B35B /* MessageUI.framework in Frameworks */,
				F472BC5A1CE586C40096B35B /* libicucore.tbd in Frameworks */,
				F472BC581CE586B50096B35B /* libz.tbd in Frameworks */,
				F472BC561CE586260096B35B /* SMS_SDK.framework in Frameworks */,
				F472BC551CE586260096B35B /* MOBFoundation.framework in Frameworks */,
				F444B5C11CE1F55F00FD9FF4 /* EALayout.framework in Frameworks */,
			);
			runOnlyForDeploymentPostprocessing = 0;
		};
/* End PBXFrameworksBuildPhase section */

/* Begin PBXGroup section */
		F4361B081CE07B4D009DF5F3 /* Resources */ = {
			isa = PBXGroup;
			children = (
				F444B5C21CE1FA9200FD9FF4 /* teamIntroduceBack.jpg */,
				F4522C1A1CE4763C00842F1B /* ip */,
				F4522C101CE4238000842F1B /* RegisterViewController.json */,
				F444B5C81CE2065F00FD9FF4 /* shareFirend.png */,
				F41E5ABD1CE08DE200E2EDC7 /* color.json */,
				F41E5AB91CE08AB700E2EDC7 /* common.json */,
				F41E5ABA1CE08AB700E2EDC7 /* style.json */,
				F4361B091CE07B4D009DF5F3 /* ViewController.json */,
				F44AC6C41CE17BA1006F7464 /* LinerLayoutViewController.json */,
			);
			path = Resources;
			sourceTree = "<group>";
		};
		F444B5B71CE18ABC00FD9FF4 /* image */ = {
			isa = PBXGroup;
			children = (
			);
			path = image;
			sourceTree = "<group>";
		};
		F4522C121CE423A300842F1B /* Login */ = {
			isa = PBXGroup;
			children = (
				F4522C161CE4320800842F1B /* RegisterViewController.h */,
				F4522C171CE4320800842F1B /* RegisterViewController.m */,
				F44AC6C11CE17B7F006F7464 /* LinerLayoutViewController.h */,
				F44AC6C21CE17B7F006F7464 /* LinerLayoutViewController.m */,
				F4EB45DE1CDC6966006E3B50 /* ViewController.h */,
				F4EB45DF1CDC6966006E3B50 /* ViewController.m */,
			);
			path = Login;
			sourceTree = "<group>";
		};
		F472BC521CE586260096B35B /* SMS_SDK */ = {
			isa = PBXGroup;
			children = (
				F472BC531CE586260096B35B /* MOBFoundation.framework */,
				F472BC541CE586260096B35B /* SMS_SDK.framework */,
			);
			path = SMS_SDK;
			sourceTree = "<group>";
		};
		F472BC611CE587070096B35B /* Framework */ = {
			isa = PBXGroup;
			children = (
				F444B5C01CE1F55F00FD9FF4 /* EALayout.framework */,
				F472BC5F1CE586DE0096B35B /* libstdc++.tbd */,
				F472BC5D1CE586D40096B35B /* JavaScriptCore.framework */,
				F472BC5B1CE586CE0096B35B /* MessageUI.framework */,
				F472BC591CE586C40096B35B /* libicucore.tbd */,
				F472BC571CE586B50096B35B /* libz.tbd */,
			);
			name = Framework;
			sourceTree = "<group>";
		};
		F4EB45CC1CDC6965006E3B50 = {
			isa = PBXGroup;
			children = (
				F472BC611CE587070096B35B /* Framework */,
				F472BC521CE586260096B35B /* SMS_SDK */,
				F4EB45D71CDC6966006E3B50 /* TestEALayout */,
				F4EB45D61CDC6966006E3B50 /* Products */,
			);
			sourceTree = "<group>";
		};
		F4EB45D61CDC6966006E3B50 /* Products */ = {
			isa = PBXGroup;
			children = (
				F4EB45D51CDC6966006E3B50 /* TestEALayout.app */,
			);
			name = Products;
			sourceTree = "<group>";
		};
		F4EB45D71CDC6966006E3B50 /* TestEALayout */ = {
			isa = PBXGroup;
			children = (
				F4522C121CE423A300842F1B /* Login */,
				F444B5B71CE18ABC00FD9FF4 /* image */,
				F4361B081CE07B4D009DF5F3 /* Resources */,
				F4EB45DB1CDC6966006E3B50 /* AppDelegate.h */,
				F4EB45DC1CDC6966006E3B50 /* AppDelegate.m */,
				F4EB45E11CDC6966006E3B50 /* Main.storyboard */,
				F4EB45E41CDC6966006E3B50 /* Assets.xcassets */,
				F4EB45E61CDC6966006E3B50 /* LaunchScreen.storyboard */,
				F4EB45E91CDC6966006E3B50 /* Info.plist */,
				F4EB45D81CDC6966006E3B50 /* Supporting Files */,
			);
			path = TestEALayout;
			sourceTree = "<group>";
		};
		F4EB45D81CDC6966006E3B50 /* Supporting Files */ = {
			isa = PBXGroup;
			children = (
				F4EB45D91CDC6966006E3B50 /* main.m */,
			);
			name = "Supporting Files";
			sourceTree = "<group>";
		};
/* End PBXGroup section */

/* Begin PBXNativeTarget section */
		F4EB45D41CDC6966006E3B50 /* TestEALayout */ = {
			isa = PBXNativeTarget;
			buildConfigurationList = F4EB45EC1CDC6966006E3B50 /* Build configuration list for PBXNativeTarget "TestEALayout" */;
			buildPhases = (
				F4EB45D11CDC6966006E3B50 /* Sources */,
				F4EB45D21CDC6966006E3B50 /* Frameworks */,
				F4EB45D31CDC6966006E3B50 /* Resources */,
			);
			buildRules = (
			);
			dependencies = (
			);
			name = TestEALayout;
			productName = TestEALayout;
			productReference = F4EB45D51CDC6966006E3B50 /* TestEALayout.app */;
			productType = "com.apple.product-type.application";
		};
/* End PBXNativeTarget section */

/* Begin PBXProject section */
		F4EB45CD1CDC6965006E3B50 /* Project object */ = {
			isa = PBXProject;
			attributes = {
				LastUpgradeCheck = 0730;
				ORGANIZATIONNAME = gaoshuai;
				TargetAttributes = {
					F4EB45D41CDC6966006E3B50 = {
						CreatedOnToolsVersion = 7.3;
					};
				};
			};
			buildConfigurationList = F4EB45D01CDC6965006E3B50 /* Build configuration list for PBXProject "TestEALayout" */;
			compatibilityVersion = "Xcode 3.2";
			developmentRegion = English;
			hasScannedForEncodings = 0;
			knownRegions = (
				en,
				Base,
			);
			mainGroup = F4EB45CC1CDC6965006E3B50;
			productRefGroup = F4EB45D61CDC6966006E3B50 /* Products */;
			projectDirPath = "";
			projectRoot = "";
			targets = (
				F4EB45D41CDC6966006E3B50 /* TestEALayout */,
			);
		};
/* End PBXProject section */

/* Begin PBXResourcesBuildPhase section */
		F4EB45D31CDC6966006E3B50 /* Resources */ = {
			isa = PBXResourcesBuildPhase;
			buildActionMask = 2147483647;
			files = (
				F4EB45E81CDC6966006E3B50 /* LaunchScreen.storyboard in Resources */,
				F44AC6C51CE17BA1006F7464 /* LinerLayoutViewController.json in Resources */,
				F41E5ABB1CE08AB700E2EDC7 /* common.json in Resources */,
				F4522C1B1CE4763C00842F1B /* ip in Resources */,
				F4EB45E51CDC6966006E3B50 /* Assets.xcassets in Resources */,
				F444B5C31CE1FA9200FD9FF4 /* teamIntroduceBack.jpg in Resources */,
				F444B5C91CE2065F00FD9FF4 /* shareFirend.png in Resources */,
				F4522C111CE4238000842F1B /* RegisterViewController.json in Resources */,
				F41E5ABE1CE08DE200E2EDC7 /* color.json in Resources */,
				F41E5ABC1CE08AB700E2EDC7 /* style.json in Resources */,
				F4361B0A1CE07B4D009DF5F3 /* ViewController.json in Resources */,
				F4EB45E31CDC6966006E3B50 /* Main.storyboard in Resources */,
			);
			runOnlyForDeploymentPostprocessing = 0;
		};
/* End PBXResourcesBuildPhase section */

/* Begin PBXSourcesBuildPhase section */
		F4EB45D11CDC6966006E3B50 /* Sources */ = {
			isa = PBXSourcesBuildPhase;
			buildActionMask = 2147483647;
			files = (
				F4522C181CE4320800842F1B /* RegisterViewController.m in Sources */,
				F4EB45E01CDC6966006E3B50 /* ViewController.m in Sources */,
				F44AC6C31CE17B7F006F7464 /* LinerLayoutViewController.m in Sources */,
				F4EB45DD1CDC6966006E3B50 /* AppDelegate.m in Sources */,
				F4EB45DA1CDC6966006E3B50 /* main.m in Sources */,
			);
			runOnlyForDeploymentPostprocessing = 0;
		};
/* End PBXSourcesBuildPhase section */

/* Begin PBXVariantGroup section */
		F4EB45E11CDC6966006E3B50 /* Main.storyboard */ = {
			isa = PBXVariantGroup;
			children = (
				F4EB45E21CDC6966006E3B50 /* Base */,
			);
			name = Main.storyboard;
			sourceTree = "<group>";
		};
		F4EB45E61CDC6966006E3B50 /* LaunchScreen.storyboard */ = {
			isa = PBXVariantGroup;
			children = (
				F4EB45E71CDC6966006E3B50 /* Base */,
			);
			name = LaunchScreen.storyboard;
			sourceTree = "<group>";
		};
/* End PBXVariantGroup section */

/* Begin XCBuildConfiguration section */
		F4EB45EA1CDC6966006E3B50 /* Debug */ = {
			isa = XCBuildConfiguration;
			buildSettings = {
				ALWAYS_SEARCH_USER_PATHS = NO;
				CLANG_ANALYZER_NONNULL = YES;
				CLANG_CXX_LANGUAGE_STANDARD = "gnu++0x";
				CLANG_CXX_LIBRARY = "libc++";
				CLANG_ENABLE_MODULES = YES;
				CLANG_ENABLE_OBJC_ARC = YES;
				CLANG_WARN_BOOL_CONVERSION = YES;
				CLANG_WARN_CONSTANT_CONVERSION = YES;
				CLANG_WARN_DIRECT_OBJC_ISA_USAGE = YES_ERROR;
				CLANG_WARN_EMPTY_BODY = YES;
				CLANG_WARN_ENUM_CONVERSION = YES;
				CLANG_WARN_INT_CONVERSION = YES;
				CLANG_WARN_OBJC_ROOT_CLASS = YES_ERROR;
				CLANG_WARN_UNREACHABLE_CODE = YES;
				CLANG_WARN__DUPLICATE_METHOD_MATCH = YES;
				"CODE_SIGN_IDENTITY[sdk=iphoneos*]" = "iPhone Developer";
				COPY_PHASE_STRIP = NO;
				DEBUG_INFORMATION_FORMAT = dwarf;
				ENABLE_STRICT_OBJC_MSGSEND = YES;
				ENABLE_TESTABILITY = YES;
				GCC_C_LANGUAGE_STANDARD = gnu99;
				GCC_DYNAMIC_NO_PIC = NO;
				GCC_NO_COMMON_BLOCKS = YES;
				GCC_OPTIMIZATION_LEVEL = 0;
				GCC_PREPROCESSOR_DEFINITIONS = (
					"DEBUG=1",
					"$(inherited)",
				);
				GCC_WARN_64_TO_32_BIT_CONVERSION = YES;
				GCC_WARN_ABOUT_RETURN_TYPE = YES_ERROR;
				GCC_WARN_UNDECLARED_SELECTOR = YES;
				GCC_WARN_UNINITIALIZED_AUTOS = YES_AGGRESSIVE;
				GCC_WARN_UNUSED_FUNCTION = YES;
				GCC_WARN_UNUSED_VARIABLE = YES;
				IPHONEOS_DEPLOYMENT_TARGET = 9.3;
				MTL_ENABLE_DEBUG_INFO = YES;
				ONLY_ACTIVE_ARCH = YES;
				OTHER_LDFLAGS = "-ObjC";
				SDKROOT = iphoneos;
				TARGETED_DEVICE_FAMILY = "1,2";
			};
			name = Debug;
		};
		F4EB45EB1CDC6966006E3B50 /* Release */ = {
			isa = XCBuildConfiguration;
			buildSettings = {
				ALWAYS_SEARCH_USER_PATHS = NO;
				CLANG_ANALYZER_NONNULL = YES;
				CLANG_CXX_LANGUAGE_STANDARD = "gnu++0x";
				CLANG_CXX_LIBRARY = "libc++";
				CLANG_ENABLE_MODULES = YES;
				CLANG_ENABLE_OBJC_ARC = YES;
				CLANG_WARN_BOOL_CONVERSION = YES;
				CLANG_WARN_CONSTANT_CONVERSION = YES;
				CLANG_WARN_DIRECT_OBJC_ISA_USAGE = YES_ERROR;
				CLANG_WARN_EMPTY_BODY = YES;
				CLANG_WARN_ENUM_CONVERSION = YES;
				CLANG_WARN_INT_CONVERSION = YES;
				CLANG_WARN_OBJC_ROOT_CLASS = YES_ERROR;
				CLANG_WARN_UNREACHABLE_CODE = YES;
				CLANG_WARN__DUPLICATE_METHOD_MATCH = YES;
				"CODE_SIGN_IDENTITY[sdk=iphoneos*]" = "iPhone Developer";
				COPY_PHASE_STRIP = NO;
				DEBUG_INFORMATION_FORMAT = "dwarf-with-dsym";
				ENABLE_NS_ASSERTIONS = NO;
				ENABLE_STRICT_OBJC_MSGSEND = YES;
				GCC_C_LANGUAGE_STANDARD = gnu99;
				GCC_NO_COMMON_BLOCKS = YES;
				GCC_WARN_64_TO_32_BIT_CONVERSION = YES;
				GCC_WARN_ABOUT_RETURN_TYPE = YES_ERROR;
				GCC_WARN_UNDECLARED_SELECTOR = YES;
				GCC_WARN_UNINITIALIZED_AUTOS = YES_AGGRESSIVE;
				GCC_WARN_UNUSED_FUNCTION = YES;
				GCC_WARN_UNUSED_VARIABLE = YES;
				IPHONEOS_DEPLOYMENT_TARGET = 9.3;
				MTL_ENABLE_DEBUG_INFO = NO;
				OTHER_LDFLAGS = "-ObjC";
				SDKROOT = iphoneos;
				TARGETED_DEVICE_FAMILY = "1,2";
				VALIDATE_PRODUCT = YES;
			};
			name = Release;
		};
		F4EB45ED1CDC6966006E3B50 /* Debug */ = {
			isa = XCBuildConfiguration;
			buildSettings = {
				ASSETCATALOG_COMPILER_APPICON_NAME = AppIcon;
				FRAMEWORK_SEARCH_PATHS = (
					"$(inherited)",
					"$(PROJECT_DIR)",
					"$(PROJECT_DIR)/TestEALayout",
					"$(PROJECT_DIR)/SMS_SDK",
				);
				INFOPLIST_FILE = TestEALayout/Info.plist;
				LD_RUNPATH_SEARCH_PATHS = "$(inherited) @executable_path/Frameworks";
				OTHER_LDFLAGS = (
					"-lstdc++",
					"-ObjC",
				);
				PRODUCT_BUNDLE_IDENTIFIER = com.wood.TestEALayout;
				PRODUCT_NAME = "$(TARGET_NAME)";
			};
			name = Debug;
		};
		F4EB45EE1CDC6966006E3B50 /* Release */ = {
			isa = XCBuildConfiguration;
			buildSettings = {
				ASSETCATALOG_COMPILER_APPICON_NAME = AppIcon;
				FRAMEWORK_SEARCH_PATHS = (
					"$(inherited)",
					"$(PROJECT_DIR)",
					"$(PROJECT_DIR)/TestEALayout",
					"$(PROJECT_DIR)/SMS_SDK",
				);
				INFOPLIST_FILE = TestEALayout/Info.plist;
				LD_RUNPATH_SEARCH_PATHS = "$(inherited) @executable_path/Frameworks";
				OTHER_LDFLAGS = (
					"-lstdc++",
					"-ObjC",
				);
				PRODUCT_BUNDLE_IDENTIFIER = com.wood.TestEALayout;
				PRODUCT_NAME = "$(TARGET_NAME)";
			};
			name = Release;
		};
/* End XCBuildConfiguration section */

/* Begin XCConfigurationList section */
		F4EB45D01CDC6965006E3B50 /* Build configuration list for PBXProject "TestEALayout" */ = {
			isa = XCConfigurationList;
			buildConfigurations = (
				F4EB45EA1CDC6966006E3B50 /* Debug */,
				F4EB45EB1CDC6966006E3B50 /* Release */,
			);
			defaultConfigurationIsVisible = 0;
			defaultConfigurationName = Release;
		};
		F4EB45EC1CDC6966006E3B50 /* Build configuration list for PBXNativeTarget "TestEALayout" */ = {
			isa = XCConfigurationList;
			buildConfigurations = (
				F4EB45ED1CDC6966006E3B50 /* Debug */,
				F4EB45EE1CDC6966006E3B50 /* Release */,
			);
			defaultConfigurationIsVisible = 0;
			defaultConfigurationName = Release;
		};
/* End XCConfigurationList section */
	};
	rootObject = F4EB45CD1CDC6965006E3B50 /* Project object */;
}
